
Microsoft Visual Studio Solution File, Format Version 12.00
# Visual Studio Version 17
VisualStudioVersion = 17.7.34018.315
MinimumVisualStudioVersion = 10.0.40219.1
Project("{FAE04EC0-301F-11D3-BF4B-00C04F79EFBC}") = "Monitor", "Monitor\Monitor.csproj", "{D98E963D-4CF0-47E1-98CF-980686162E0C}"
EndProject
Global
	GlobalSection(SolutionConfigurationPlatforms) = preSolution
		Debug|Any CPU = Debug|Any CPU
		Release|Any CPU = Release|Any CPU
	EndGlobalSection
	GlobalSection(ProjectConfigurationPlatforms) = postSolution
		{D98E963D-4CF0-47E1-98CF-980686162E0C}.Debug|Any CPU.ActiveCfg = Debug|Any CPU
		{D98E963D-4CF0-47E1-98CF-980686162E0C}.Debug|Any CPU.Build.0 = Debug|Any CPU
		{D98E963D-4CF0-47E1-98CF-980686162E0C}.Release|Any CPU.ActiveCfg = Release|Any CPU
		{D98E963D-4CF0-47E1-98CF-980686162E0C}.Release|Any CPU.Build.0 = Release|Any CPU
	EndGlobalSection
	GlobalSection(SolutionProperties) = preSolution
		HideSolutionNode = FALSE
	EndGlobalSection
	GlobalSection(ExtensibilityGlobals) = postSolution
		SolutionGuid = {FA1243D8-0967-40CC-95C8-4A5930EF9781}
	EndGlobalSection
EndGlobal
